
Microsoft Visual Studio Solution File, Format Version 12.00
# Visual Studio Version 16
VisualStudioVersion = 16.0.29418.71
MinimumVisualStudioVersion = 10.0.40219.1
Project("{FAE04EC0-301F-11D3-BF4B-00C04F79EFBC}") = "DfontSplitter", "DfontSplitter.csproj", "{1D60D33E-0077-44FE-A1A7-04CEA7A6F383}"
EndProject
Global
	GlobalSection(SolutionConfigurationPlatforms) = preSolution
		Debug|Any CPU = Debug|Any CPU
		Release|Any CPU = Release|Any CPU
	EndGlobalSection
	GlobalSection(ProjectConfigurationPlatforms) = postSolution
		{1D60D33E-0077-44FE-A1A7-04CEA7A6F383}.Debug|Any CPU.ActiveCfg = Debug|Any CPU
		{1D60D33E-0077-44FE-A1A7-04CEA7A6F383}.Debug|Any CPU.Build.0 = Debug|Any CPU
		{1D60D33E-0077-44FE-A1A7-04CEA7A6F383}.Release|Any CPU.ActiveCfg = Release|Any CPU
		{1D60D33E-0077-44FE-A1A7-04CEA7A6F383}.Release|Any CPU.Build.0 = Release|Any CPU
	EndGlobalSection
	GlobalSection(SolutionProperties) = preSolution
		HideSolutionNode = FALSE
	EndGlobalSection
	GlobalSection(ExtensibilityGlobals) = postSolution
		SolutionGuid = {DA7539EE-5799-404D-B100-A55023DB0E04}
	EndGlobalSection
EndGlobal
